
Microsoft Visual Studio Solution File, Format Version 12.00
Project("{2150E333-8FDC-42A3-9474-1A3956D46DE8}") = "src", "src", "{26A851E2-5382-4BE9-8208-8E17D12A4A52}"
EndProject
Project("{2150E333-8FDC-42A3-9474-1A3956D46DE8}") = "AdminService", "AdminService", "{A1EE68F4-D921-43E2-8C4F-C0F3C779F8A7}"
EndProject
Project("{FAE04EC0-301F-11D3-BF4B-00C04F79EFBC}") = "AdminService.Api", "src\AdminService\AdminService.Api\AdminService.Api.csproj", "{0DF16038-CFB4-44CB-ABE2-6E0C3CFE3560}"
EndProject
Project("{FAE04EC0-301F-11D3-BF4B-00C04F79EFBC}") = "AdminService.Infrastructure", "src\AdminService\AdminService.Infrastructure\AdminService.Infrastructure.csproj", "{7609B151-A6ED-4CA9-ACBA-EF1787063491}"
EndProject
Project("{FAE04EC0-301F-11D3-BF4B-00C04F79EFBC}") = "AdminService.Domain", "src\AdminService\AdminService.Domain\AdminService.Domain.csproj", "{F3A07CD2-D50C-4B16-9D68-F1387893DCAE}"
EndProject
Project("{FAE04EC0-301F-11D3-BF4B-00C04F79EFBC}") = "AdminService.Application", "src\AdminService\AdminService.Application\AdminService.Application.csproj", "{FD277920-1F89-48D9-8BC5-E32CAD354A9B}"
EndProject
Project("{FAE04EC0-301F-11D3-BF4B-00C04F79EFBC}") = "AdminService.Contracts", "src\AdminService\AdminService.Contracts\AdminService.Contracts.csproj", "{FD084CC3-6BCA-45D1-876C-F7BF61777217}"
EndProject
Project("{2150E333-8FDC-42A3-9474-1A3956D46DE8}") = "CensorshipService", "CensorshipService", "{FAE1B5E0-A20D-4277-824C-DDF65BBDADF4}"
EndProject
Project("{FAE04EC0-301F-11D3-BF4B-00C04F79EFBC}") = "CensorshipService.Api", "src\CensorshipService\CensorshipService.Api\CensorshipService.Api.csproj", "{0E9A3464-98B9-4A34-907A-EFD90C134D34}"
EndProject
Project("{FAE04EC0-301F-11D3-BF4B-00C04F79EFBC}") = "CensorshipService.Application", "src\CensorshipService\CensorshipService.Application\CensorshipService.Application.csproj", "{7393928F-49B7-4DF5-BED0-155DE5E3A477}"
EndProject
Project("{FAE04EC0-301F-11D3-BF4B-00C04F79EFBC}") = "CensorshipService.Contracts", "src\CensorshipService\CensorshipService.Contracts\CensorshipService.Contracts.csproj", "{3B68FBA4-B129-467C-B616-56D786D944DB}"
EndProject
Project("{FAE04EC0-301F-11D3-BF4B-00C04F79EFBC}") = "CensorshipService.Infrastructure", "src\CensorshipService\CensorshipService.Infrastructure\CensorshipService.Infrastructure.csproj", "{8E8A7E98-E9DB-41F1-8806-16B71F031D80}"
EndProject
Project("{FAE04EC0-301F-11D3-BF4B-00C04F79EFBC}") = "BleepGuard.Infrastructure", "src\BleepGuard.Infrastructure\BleepGuard.Infrastructure.csproj", "{58177606-78A3-4771-A238-A2F1A2C74AC2}"
EndProject
Project("{FAE04EC0-301F-11D3-BF4B-00C04F79EFBC}") = "BleepGuard.Contracts", "src\BleepGuard.Contracts\BleepGuard.Contracts.csproj", "{6FB6ADC9-ADE9-48D0-87F1-4F2D80E4B465}"
EndProject
Project("{FAE04EC0-301F-11D3-BF4B-00C04F79EFBC}") = "CensorshipService.Worker", "src\CensorshipService\CensorshipService.Worker\CensorshipService.Worker.csproj", "{0BE7D103-0D32-4EA0-B0B9-5184A22931FD}"
EndProject
Project("{2150E333-8FDC-42A3-9474-1A3956D46DE8}") = "tests", "tests", "{C7747113-DB80-4D66-891E-B7F38AA4986B}"
EndProject
Project("{2150E333-8FDC-42A3-9474-1A3956D46DE8}") = "CensorshipService", "CensorshipService", "{6758908E-BB4E-499B-B661-BFA35B0CE7DF}"
EndProject
Project("{FAE04EC0-301F-11D3-BF4B-00C04F79EFBC}") = "CensorshipService.Infrastructure.Tests", "tests\CensorshipService\CensorshipService.Infrastructure.Tests\CensorshipService.Infrastructure.Tests.csproj", "{F5337D32-5B7C-4CA5-BF72-03B8FD8C1343}"
EndProject
Project("{FAE04EC0-301F-11D3-BF4B-00C04F79EFBC}") = "CensorshipService.Application.Tests", "tests\CensorshipService\CensorshipService.Application.Tests\CensorshipService.Application.Tests.csproj", "{7C2764EF-43EE-422F-B06C-B4B349FD0761}"
EndProject
Project("{FAE04EC0-301F-11D3-BF4B-00C04F79EFBC}") = "BleepGuard.Application", "src\BleepGuard.Application\BleepGuard.Application.csproj", "{188725D2-5596-4E48-AFEE-7CF6F253817D}"
EndProject
Project("{FAE04EC0-301F-11D3-BF4B-00C04F79EFBC}") = "CensorshipService.Api.Tests", "tests\CensorshipService\CensorshipService.Api.Tests\CensorshipService.Api.Tests.csproj", "{38F93263-3CF9-4783-AA68-02BC819A7B8E}"
EndProject
Project("{2150E333-8FDC-42A3-9474-1A3956D46DE8}") = "AdminService", "AdminService", "{F67DDFB1-1C25-4303-A92A-BA7B53DC1EFE}"
EndProject
Project("{FAE04EC0-301F-11D3-BF4B-00C04F79EFBC}") = "AdminService.Api.Tests", "tests\AdminService\AdminService.Api.Tests\AdminService.Api.Tests.csproj", "{8B448939-FFA8-41EE-96E5-35C4D90C1346}"
EndProject
Project("{FAE04EC0-301F-11D3-BF4B-00C04F79EFBC}") = "AdminService.Infrastructure.Tests", "tests\AdminService\AdminService.Infrastructure.Tests\AdminService.Infrastructure.Tests.csproj", "{F7B5EBDC-28C9-4205-98C6-AE5B8890E39D}"
EndProject
Project("{FAE04EC0-301F-11D3-BF4B-00C04F79EFBC}") = "AdminService.Application.Tests", "tests\AdminService\AdminService.Application.Tests\AdminService.Application.Tests.csproj", "{6BD73AFE-C330-4F34-BF80-80271657D28A}"
EndProject
Project("{2150E333-8FDC-42A3-9474-1A3956D46DE8}") = "solution items", "solution items", "{520E79C4-A1CD-4B03-90C1-6971DD460642}"
	ProjectSection(SolutionItems) = preProject
		..\docker-compose.yml = ..\docker-compose.yml
		..\README.md = ..\README.md
		..\.github\workflows\build.yml = ..\.github\workflows\build.yml
		..\.github\workflows\test.yml = ..\.github\workflows\test.yml
	EndProjectSection
EndProject
Global
	GlobalSection(SolutionConfigurationPlatforms) = preSolution
		Debug|Any CPU = Debug|Any CPU
		Release|Any CPU = Release|Any CPU
	EndGlobalSection
	GlobalSection(NestedProjects) = preSolution
		{A1EE68F4-D921-43E2-8C4F-C0F3C779F8A7} = {26A851E2-5382-4BE9-8208-8E17D12A4A52}
		{0DF16038-CFB4-44CB-ABE2-6E0C3CFE3560} = {A1EE68F4-D921-43E2-8C4F-C0F3C779F8A7}
		{7609B151-A6ED-4CA9-ACBA-EF1787063491} = {A1EE68F4-D921-43E2-8C4F-C0F3C779F8A7}
		{F3A07CD2-D50C-4B16-9D68-F1387893DCAE} = {A1EE68F4-D921-43E2-8C4F-C0F3C779F8A7}
		{FD277920-1F89-48D9-8BC5-E32CAD354A9B} = {A1EE68F4-D921-43E2-8C4F-C0F3C779F8A7}
		{FD084CC3-6BCA-45D1-876C-F7BF61777217} = {A1EE68F4-D921-43E2-8C4F-C0F3C779F8A7}
		{FAE1B5E0-A20D-4277-824C-DDF65BBDADF4} = {26A851E2-5382-4BE9-8208-8E17D12A4A52}
		{0E9A3464-98B9-4A34-907A-EFD90C134D34} = {FAE1B5E0-A20D-4277-824C-DDF65BBDADF4}
		{7393928F-49B7-4DF5-BED0-155DE5E3A477} = {FAE1B5E0-A20D-4277-824C-DDF65BBDADF4}
		{3B68FBA4-B129-467C-B616-56D786D944DB} = {FAE1B5E0-A20D-4277-824C-DDF65BBDADF4}
		{8E8A7E98-E9DB-41F1-8806-16B71F031D80} = {FAE1B5E0-A20D-4277-824C-DDF65BBDADF4}
		{58177606-78A3-4771-A238-A2F1A2C74AC2} = {26A851E2-5382-4BE9-8208-8E17D12A4A52}
		{6FB6ADC9-ADE9-48D0-87F1-4F2D80E4B465} = {26A851E2-5382-4BE9-8208-8E17D12A4A52}
		{0BE7D103-0D32-4EA0-B0B9-5184A22931FD} = {FAE1B5E0-A20D-4277-824C-DDF65BBDADF4}
		{6758908E-BB4E-499B-B661-BFA35B0CE7DF} = {C7747113-DB80-4D66-891E-B7F38AA4986B}
		{F5337D32-5B7C-4CA5-BF72-03B8FD8C1343} = {6758908E-BB4E-499B-B661-BFA35B0CE7DF}
		{7C2764EF-43EE-422F-B06C-B4B349FD0761} = {6758908E-BB4E-499B-B661-BFA35B0CE7DF}
		{188725D2-5596-4E48-AFEE-7CF6F253817D} = {26A851E2-5382-4BE9-8208-8E17D12A4A52}
		{38F93263-3CF9-4783-AA68-02BC819A7B8E} = {6758908E-BB4E-499B-B661-BFA35B0CE7DF}
		{F67DDFB1-1C25-4303-A92A-BA7B53DC1EFE} = {C7747113-DB80-4D66-891E-B7F38AA4986B}
		{8B448939-FFA8-41EE-96E5-35C4D90C1346} = {F67DDFB1-1C25-4303-A92A-BA7B53DC1EFE}
		{F7B5EBDC-28C9-4205-98C6-AE5B8890E39D} = {F67DDFB1-1C25-4303-A92A-BA7B53DC1EFE}
		{6BD73AFE-C330-4F34-BF80-80271657D28A} = {F67DDFB1-1C25-4303-A92A-BA7B53DC1EFE}
	EndGlobalSection
	GlobalSection(ProjectConfigurationPlatforms) = postSolution
		{0DF16038-CFB4-44CB-ABE2-6E0C3CFE3560}.Debug|Any CPU.ActiveCfg = Debug|Any CPU
		{0DF16038-CFB4-44CB-ABE2-6E0C3CFE3560}.Debug|Any CPU.Build.0 = Debug|Any CPU
		{0DF16038-CFB4-44CB-ABE2-6E0C3CFE3560}.Release|Any CPU.ActiveCfg = Release|Any CPU
		{0DF16038-CFB4-44CB-ABE2-6E0C3CFE3560}.Release|Any CPU.Build.0 = Release|Any CPU
		{7609B151-A6ED-4CA9-ACBA-EF1787063491}.Debug|Any CPU.ActiveCfg = Debug|Any CPU
		{7609B151-A6ED-4CA9-ACBA-EF1787063491}.Debug|Any CPU.Build.0 = Debug|Any CPU
		{7609B151-A6ED-4CA9-ACBA-EF1787063491}.Release|Any CPU.ActiveCfg = Release|Any CPU
		{7609B151-A6ED-4CA9-ACBA-EF1787063491}.Release|Any CPU.Build.0 = Release|Any CPU
		{F3A07CD2-D50C-4B16-9D68-F1387893DCAE}.Debug|Any CPU.ActiveCfg = Debug|Any CPU
		{F3A07CD2-D50C-4B16-9D68-F1387893DCAE}.Debug|Any CPU.Build.0 = Debug|Any CPU
		{F3A07CD2-D50C-4B16-9D68-F1387893DCAE}.Release|Any CPU.ActiveCfg = Release|Any CPU
		{F3A07CD2-D50C-4B16-9D68-F1387893DCAE}.Release|Any CPU.Build.0 = Release|Any CPU
		{FD277920-1F89-48D9-8BC5-E32CAD354A9B}.Debug|Any CPU.ActiveCfg = Debug|Any CPU
		{FD277920-1F89-48D9-8BC5-E32CAD354A9B}.Debug|Any CPU.Build.0 = Debug|Any CPU
		{FD277920-1F89-48D9-8BC5-E32CAD354A9B}.Release|Any CPU.ActiveCfg = Release|Any CPU
		{FD277920-1F89-48D9-8BC5-E32CAD354A9B}.Release|Any CPU.Build.0 = Release|Any CPU
		{FD084CC3-6BCA-45D1-876C-F7BF61777217}.Debug|Any CPU.ActiveCfg = Debug|Any CPU
		{FD084CC3-6BCA-45D1-876C-F7BF61777217}.Debug|Any CPU.Build.0 = Debug|Any CPU
		{FD084CC3-6BCA-45D1-876C-F7BF61777217}.Release|Any CPU.ActiveCfg = Release|Any CPU
		{FD084CC3-6BCA-45D1-876C-F7BF61777217}.Release|Any CPU.Build.0 = Release|Any CPU
		{0E9A3464-98B9-4A34-907A-EFD90C134D34}.Debug|Any CPU.ActiveCfg = Debug|Any CPU
		{0E9A3464-98B9-4A34-907A-EFD90C134D34}.Debug|Any CPU.Build.0 = Debug|Any CPU
		{0E9A3464-98B9-4A34-907A-EFD90C134D34}.Release|Any CPU.ActiveCfg = Release|Any CPU
		{0E9A3464-98B9-4A34-907A-EFD90C134D34}.Release|Any CPU.Build.0 = Release|Any CPU
		{7393928F-49B7-4DF5-BED0-155DE5E3A477}.Debug|Any CPU.ActiveCfg = Debug|Any CPU
		{7393928F-49B7-4DF5-BED0-155DE5E3A477}.Debug|Any CPU.Build.0 = Debug|Any CPU
		{7393928F-49B7-4DF5-BED0-155DE5E3A477}.Release|Any CPU.ActiveCfg = Release|Any CPU
		{7393928F-49B7-4DF5-BED0-155DE5E3A477}.Release|Any CPU.Build.0 = Release|Any CPU
		{3B68FBA4-B129-467C-B616-56D786D944DB}.Debug|Any CPU.ActiveCfg = Debug|Any CPU
		{3B68FBA4-B129-467C-B616-56D786D944DB}.Debug|Any CPU.Build.0 = Debug|Any CPU
		{3B68FBA4-B129-467C-B616-56D786D944DB}.Release|Any CPU.ActiveCfg = Release|Any CPU
		{3B68FBA4-B129-467C-B616-56D786D944DB}.Release|Any CPU.Build.0 = Release|Any CPU
		{8E8A7E98-E9DB-41F1-8806-16B71F031D80}.Debug|Any CPU.ActiveCfg = Debug|Any CPU
		{8E8A7E98-E9DB-41F1-8806-16B71F031D80}.Debug|Any CPU.Build.0 = Debug|Any CPU
		{8E8A7E98-E9DB-41F1-8806-16B71F031D80}.Release|Any CPU.ActiveCfg = Release|Any CPU
		{8E8A7E98-E9DB-41F1-8806-16B71F031D80}.Release|Any CPU.Build.0 = Release|Any CPU
		{58177606-78A3-4771-A238-A2F1A2C74AC2}.Debug|Any CPU.ActiveCfg = Debug|Any CPU
		{58177606-78A3-4771-A238-A2F1A2C74AC2}.Debug|Any CPU.Build.0 = Debug|Any CPU
		{58177606-78A3-4771-A238-A2F1A2C74AC2}.Release|Any CPU.ActiveCfg = Release|Any CPU
		{58177606-78A3-4771-A238-A2F1A2C74AC2}.Release|Any CPU.Build.0 = Release|Any CPU
		{6FB6ADC9-ADE9-48D0-87F1-4F2D80E4B465}.Debug|Any CPU.ActiveCfg = Debug|Any CPU
		{6FB6ADC9-ADE9-48D0-87F1-4F2D80E4B465}.Debug|Any CPU.Build.0 = Debug|Any CPU
		{6FB6ADC9-ADE9-48D0-87F1-4F2D80E4B465}.Release|Any CPU.ActiveCfg = Release|Any CPU
		{6FB6ADC9-ADE9-48D0-87F1-4F2D80E4B465}.Release|Any CPU.Build.0 = Release|Any CPU
		{0BE7D103-0D32-4EA0-B0B9-5184A22931FD}.Debug|Any CPU.ActiveCfg = Debug|Any CPU
		{0BE7D103-0D32-4EA0-B0B9-5184A22931FD}.Debug|Any CPU.Build.0 = Debug|Any CPU
		{0BE7D103-0D32-4EA0-B0B9-5184A22931FD}.Release|Any CPU.ActiveCfg = Release|Any CPU
		{0BE7D103-0D32-4EA0-B0B9-5184A22931FD}.Release|Any CPU.Build.0 = Release|Any CPU
		{F5337D32-5B7C-4CA5-BF72-03B8FD8C1343}.Debug|Any CPU.ActiveCfg = Debug|Any CPU
		{F5337D32-5B7C-4CA5-BF72-03B8FD8C1343}.Debug|Any CPU.Build.0 = Debug|Any CPU
		{F5337D32-5B7C-4CA5-BF72-03B8FD8C1343}.Release|Any CPU.ActiveCfg = Release|Any CPU
		{F5337D32-5B7C-4CA5-BF72-03B8FD8C1343}.Release|Any CPU.Build.0 = Release|Any CPU
		{7C2764EF-43EE-422F-B06C-B4B349FD0761}.Debug|Any CPU.ActiveCfg = Debug|Any CPU
		{7C2764EF-43EE-422F-B06C-B4B349FD0761}.Debug|Any CPU.Build.0 = Debug|Any CPU
		{7C2764EF-43EE-422F-B06C-B4B349FD0761}.Release|Any CPU.ActiveCfg = Release|Any CPU
		{7C2764EF-43EE-422F-B06C-B4B349FD0761}.Release|Any CPU.Build.0 = Release|Any CPU
		{188725D2-5596-4E48-AFEE-7CF6F253817D}.Debug|Any CPU.ActiveCfg = Debug|Any CPU
		{188725D2-5596-4E48-AFEE-7CF6F253817D}.Debug|Any CPU.Build.0 = Debug|Any CPU
		{188725D2-5596-4E48-AFEE-7CF6F253817D}.Release|Any CPU.ActiveCfg = Release|Any CPU
		{188725D2-5596-4E48-AFEE-7CF6F253817D}.Release|Any CPU.Build.0 = Release|Any CPU
		{38F93263-3CF9-4783-AA68-02BC819A7B8E}.Debug|Any CPU.ActiveCfg = Debug|Any CPU
		{38F93263-3CF9-4783-AA68-02BC819A7B8E}.Debug|Any CPU.Build.0 = Debug|Any CPU
		{38F93263-3CF9-4783-AA68-02BC819A7B8E}.Release|Any CPU.ActiveCfg = Release|Any CPU
		{38F93263-3CF9-4783-AA68-02BC819A7B8E}.Release|Any CPU.Build.0 = Release|Any CPU
		{8B448939-FFA8-41EE-96E5-35C4D90C1346}.Debug|Any CPU.ActiveCfg = Debug|Any CPU
		{8B448939-FFA8-41EE-96E5-35C4D90C1346}.Debug|Any CPU.Build.0 = Debug|Any CPU
		{8B448939-FFA8-41EE-96E5-35C4D90C1346}.Release|Any CPU.ActiveCfg = Release|Any CPU
		{8B448939-FFA8-41EE-96E5-35C4D90C1346}.Release|Any CPU.Build.0 = Release|Any CPU
		{F7B5EBDC-28C9-4205-98C6-AE5B8890E39D}.Debug|Any CPU.ActiveCfg = Debug|Any CPU
		{F7B5EBDC-28C9-4205-98C6-AE5B8890E39D}.Debug|Any CPU.Build.0 = Debug|Any CPU
		{F7B5EBDC-28C9-4205-98C6-AE5B8890E39D}.Release|Any CPU.ActiveCfg = Release|Any CPU
		{F7B5EBDC-28C9-4205-98C6-AE5B8890E39D}.Release|Any CPU.Build.0 = Release|Any CPU
		{6BD73AFE-C330-4F34-BF80-80271657D28A}.Debug|Any CPU.ActiveCfg = Debug|Any CPU
		{6BD73AFE-C330-4F34-BF80-80271657D28A}.Debug|Any CPU.Build.0 = Debug|Any CPU
		{6BD73AFE-C330-4F34-BF80-80271657D28A}.Release|Any CPU.ActiveCfg = Release|Any CPU
		{6BD73AFE-C330-4F34-BF80-80271657D28A}.Release|Any CPU.Build.0 = Release|Any CPU
	EndGlobalSection
EndGlobal
